
Microsoft Visual Studio Solution File, Format Version 12.00
# Visual Studio Version 17
VisualStudioVersion = 17.7.34024.191
MinimumVisualStudioVersion = 10.0.40219.1
Project("{FAE04EC0-301F-11D3-BF4B-00C04F79EFBC}") = "Practica5Entornos", "Practica5Entornos\Practica5Entornos.csproj", "{9E52696E-AEB8-4BF3-9932-DEE534C6D015}"
EndProject
Global
	GlobalSection(SolutionConfigurationPlatforms) = preSolution
		Debug|Any CPU = Debug|Any CPU
		Release|Any CPU = Release|Any CPU
	EndGlobalSection
	GlobalSection(ProjectConfigurationPlatforms) = postSolution
		{9E52696E-AEB8-4BF3-9932-DEE534C6D015}.Debug|Any CPU.ActiveCfg = Debug|Any CPU
		{9E52696E-AEB8-4BF3-9932-DEE534C6D015}.Debug|Any CPU.Build.0 = Debug|Any CPU
		{9E52696E-AEB8-4BF3-9932-DEE534C6D015}.Release|Any CPU.ActiveCfg = Release|Any CPU
		{9E52696E-AEB8-4BF3-9932-DEE534C6D015}.Release|Any CPU.Build.0 = Release|Any CPU
	EndGlobalSection
	GlobalSection(SolutionProperties) = preSolution
		HideSolutionNode = FALSE
	EndGlobalSection
	GlobalSection(ExtensibilityGlobals) = postSolution
		SolutionGuid = {752BC557-795B-42BF-A3C7-A0FF8174BA0D}
	EndGlobalSection
EndGlobal
